
Microsoft Visual Studio Solution File, Format Version 12.00
# Visual Studio Version 16
VisualStudioVersion = 16.0.29326.143
MinimumVisualStudioVersion = 10.0.40219.1
Project("{FAE04EC0-301F-11D3-BF4B-00C04F79EFBC}") = "Delegates", "Delegates\Delegates.csproj", "{AEA97FAB-ABBD-46E7-B81A-B3846557E0FD}"
EndProject
Global
	GlobalSection(SolutionConfigurationPlatforms) = preSolution
		Debug|Any CPU = Debug|Any CPU
		Release|Any CPU = Release|Any CPU
	EndGlobalSection
	GlobalSection(ProjectConfigurationPlatforms) = postSolution
		{AEA97FAB-ABBD-46E7-B81A-B3846557E0FD}.Debug|Any CPU.ActiveCfg = Debug|Any CPU
		{AEA97FAB-ABBD-46E7-B81A-B3846557E0FD}.Debug|Any CPU.Build.0 = Debug|Any CPU
		{AEA97FAB-ABBD-46E7-B81A-B3846557E0FD}.Release|Any CPU.ActiveCfg = Release|Any CPU
		{AEA97FAB-ABBD-46E7-B81A-B3846557E0FD}.Release|Any CPU.Build.0 = Release|Any CPU
	EndGlobalSection
	GlobalSection(SolutionProperties) = preSolution
		HideSolutionNode = FALSE
	EndGlobalSection
	GlobalSection(ExtensibilityGlobals) = postSolution
		SolutionGuid = {06C959C0-6723-42CD-86AF-28BAA2435AD7}
	EndGlobalSection
EndGlobal
